
Microsoft Visual Studio Solution File, Format Version 12.00
# Visual Studio Version 17
VisualStudioVersion = 17.8.34330.188
MinimumVisualStudioVersion = 10.0.40219.1
Project("{FAE04EC0-301F-11D3-BF4B-00C04F79EFBC}") = "ServerGestioneFile.Mosconi", "ServerGestioneFile.Mosconi\ServerGestioneFile.Mosconi.csproj", "{E720AECF-708C-49A8-9F19-B1F9C86A84F5}"
EndProject
Global
	GlobalSection(SolutionConfigurationPlatforms) = preSolution
		Debug|Any CPU = Debug|Any CPU
		Release|Any CPU = Release|Any CPU
	EndGlobalSection
	GlobalSection(ProjectConfigurationPlatforms) = postSolution
		{E720AECF-708C-49A8-9F19-B1F9C86A84F5}.Debug|Any CPU.ActiveCfg = Debug|Any CPU
		{E720AECF-708C-49A8-9F19-B1F9C86A84F5}.Debug|Any CPU.Build.0 = Debug|Any CPU
		{E720AECF-708C-49A8-9F19-B1F9C86A84F5}.Release|Any CPU.ActiveCfg = Release|Any CPU
		{E720AECF-708C-49A8-9F19-B1F9C86A84F5}.Release|Any CPU.Build.0 = Release|Any CPU
	EndGlobalSection
	GlobalSection(SolutionProperties) = preSolution
		HideSolutionNode = FALSE
	EndGlobalSection
	GlobalSection(ExtensibilityGlobals) = postSolution
		SolutionGuid = {8C297B6B-6CA6-46CE-A525-29333B8D481C}
	EndGlobalSection
EndGlobal
